
Microsoft Visual Studio Solution File, Format Version 12.00
# Visual Studio Version 17
VisualStudioVersion = 17.7.34031.279
MinimumVisualStudioVersion = 10.0.40219.1
Project("{FAE04EC0-301F-11D3-BF4B-00C04F79EFBC}") = "caesar", "caesar\caesar.csproj", "{A90B5A18-7B74-49DF-A390-48FE6E2345F6}"
EndProject
Global
	GlobalSection(SolutionConfigurationPlatforms) = preSolution
		Debug|Any CPU = Debug|Any CPU
		Release|Any CPU = Release|Any CPU
	EndGlobalSection
	GlobalSection(ProjectConfigurationPlatforms) = postSolution
		{A90B5A18-7B74-49DF-A390-48FE6E2345F6}.Debug|Any CPU.ActiveCfg = Debug|Any CPU
		{A90B5A18-7B74-49DF-A390-48FE6E2345F6}.Debug|Any CPU.Build.0 = Debug|Any CPU
		{A90B5A18-7B74-49DF-A390-48FE6E2345F6}.Release|Any CPU.ActiveCfg = Release|Any CPU
		{A90B5A18-7B74-49DF-A390-48FE6E2345F6}.Release|Any CPU.Build.0 = Release|Any CPU
	EndGlobalSection
	GlobalSection(SolutionProperties) = preSolution
		HideSolutionNode = FALSE
	EndGlobalSection
	GlobalSection(ExtensibilityGlobals) = postSolution
		SolutionGuid = {66C35017-3AC6-4CD6-901F-EEB46AC40D6F}
	EndGlobalSection
EndGlobal
